
Microsoft Visual Studio Solution File, Format Version 12.00
# Visual Studio Version 16
VisualStudioVersion = 25.0.1704.0
MinimumVisualStudioVersion = 10.0.40219.1
Project("{FAE04EC0-301F-11D3-BF4B-00C04F79EFBC}") = "OnlineCoursesOrganizationPlatform", "OnlineCoursesOrganizationPlatform\OnlineCoursesOrganizationPlatform.csproj", "{17124FCA-28FB-42F6-8FEE-BB3272748CD4}"
EndProject
Project("{FAE04EC0-301F-11D3-BF4B-00C04F79EFBC}") = "BlazorServer", "BlazorServer\BlazorServer.csproj", "{E27740DD-E03C-450D-AE2B-FAD96232BD8F}"
EndProject
Global
	GlobalSection(SolutionConfigurationPlatforms) = preSolution
		Debug|Any CPU = Debug|Any CPU
		Release|Any CPU = Release|Any CPU
	EndGlobalSection
	GlobalSection(ProjectConfigurationPlatforms) = postSolution
		{17124FCA-28FB-42F6-8FEE-BB3272748CD4}.Debug|Any CPU.ActiveCfg = Debug|Any CPU
		{17124FCA-28FB-42F6-8FEE-BB3272748CD4}.Debug|Any CPU.Build.0 = Debug|Any CPU
		{17124FCA-28FB-42F6-8FEE-BB3272748CD4}.Release|Any CPU.ActiveCfg = Release|Any CPU
		{17124FCA-28FB-42F6-8FEE-BB3272748CD4}.Release|Any CPU.Build.0 = Release|Any CPU
		{E27740DD-E03C-450D-AE2B-FAD96232BD8F}.Debug|Any CPU.ActiveCfg = Debug|Any CPU
		{E27740DD-E03C-450D-AE2B-FAD96232BD8F}.Debug|Any CPU.Build.0 = Debug|Any CPU
		{E27740DD-E03C-450D-AE2B-FAD96232BD8F}.Release|Any CPU.ActiveCfg = Release|Any CPU
		{E27740DD-E03C-450D-AE2B-FAD96232BD8F}.Release|Any CPU.Build.0 = Release|Any CPU
	EndGlobalSection
	GlobalSection(SolutionProperties) = preSolution
		HideSolutionNode = FALSE
	EndGlobalSection
	GlobalSection(ExtensibilityGlobals) = postSolution
		SolutionGuid = {0D137ED5-ADED-4B4D-85FD-213AFB4E0FAD}
	EndGlobalSection
EndGlobal
